Microsoft Visual Studio Solution File, Format Version 12.00
# Visual Studio Version 17

# Copyright (C) 2026 The Qt Company Ltd.
# SPDX-License-Identifier: LicenseRef-Qt-Commercial OR LGPL-3.0-only

VisualStudioVersion = 17.4.33403.182
MinimumVisualStudioVersion = 10.0.40219.1
Project("{2150E333-8FDC-42A3-9474-1A3956D46DE8}") = "include", "include", "{63F4FEA7-5B8B-4496-988E-B84410C50D42}"
	ProjectSection(SolutionItems) = preProject
		include\iqqmlengine.h = include\iqqmlengine.h
		include\iqtapplication.h = include\iqtapplication.h
		include\iqtresources.h = include\iqtresources.h
		include\qdotnetadapter.h = include\qdotnetadapter.h
		include\qdotnetarray.h = include\qdotnetarray.h
		include\qdotnetcallback.h = include\qdotnetcallback.h
		include\qdotnetconvert.h = include\qdotnetconvert.h
		include\qdotnetdelegate.h = include\qdotnetdelegate.h
		include\qdotnetdynamicobject.h = include\qdotnetdynamicobject.h
		include\qdotnetevent.h = include\qdotnetevent.h
		include\qdotnetexception.h = include\qdotnetexception.h
		include\qdotnetfunction.h = include\qdotnetfunction.h
		include\qdotnethost.h = include\qdotnethost.h
		include\qdotnethostfxr.h = include\qdotnethostfxr.h
		include\qdotnetinterface.h = include\qdotnetinterface.h
		include\qdotnetmarshal.h = include\qdotnetmarshal.h
		include\qdotnetobject.h = include\qdotnetobject.h
		include\qdotnetparameter.h = include\qdotnetparameter.h
		include\qdotnetref.h = include\qdotnetref.h
		include\qdotnetreflection.h = include\qdotnetreflection.h
		include\qdotnetsafemethod.h = include\qdotnetsafemethod.h
		include\qdotnetsignal.h = include\qdotnetsignal.h
		include\qdotnetstatic.h = include\qdotnetstatic.h
		include\qdotnettype.h = include\qdotnettype.h
	EndProjectSection
EndProject
Project("{2150E333-8FDC-42A3-9474-1A3956D46DE8}") = "qtdotnet", "qtdotnet", "{41193496-02AE-44FA-9A63-28E7A168A3AC}"
EndProject
Project("{2150E333-8FDC-42A3-9474-1A3956D46DE8}") = "tests", "tests", "{0828626A-BAD8-4E02-99DC-3AAA15073223}"
EndProject
Project("{9A19103F-16F7-4668-BE54-9A1E7A4F7556}") = "Qt.DotNet.Adapter", "src\Qt.DotNet.Adapter\Qt.DotNet.Adapter.csproj", "{3863807C-2F87-4E27-A9C9-8675645A8DA5}"
EndProject
Project("{2150E333-8FDC-42A3-9474-1A3956D46DE8}") = "codegen", "codegen", "{02EA681E-C7D8-13C7-8484-4AC65E1B71E8}"
EndProject
Project("{FAE04EC0-301F-11D3-BF4B-00C04F79EFBC}") = "Qt.Bridge.CSharp.Generator", "src\Qt.Bridge.CSharp.Generator\Qt.Bridge.CSharp.Generator.csproj", "{33483AF1-0493-4753-A6E6-4BB750E0E083}"
EndProject
Project("{2150E333-8FDC-42A3-9474-1A3956D46DE8}") = "examples", "examples", "{436DDD81-054F-492E-8F7A-B9445413E3B2}"
EndProject
Project("{2150E333-8FDC-42A3-9474-1A3956D46DE8}") = "UserView", "UserView", "{FA0F89DA-B1C6-4699-8CF5-2210B26B0482}"
EndProject
Project("{FAE04EC0-301F-11D3-BF4B-00C04F79EFBC}") = "UserViewLib", "examples\UserView\UserViewLib\UserViewLib.csproj", "{5356F0D5-B6B5-0620-28D5-3F6D5F9021A7}"
EndProject
Project("{FAE04EC0-301F-11D3-BF4B-00C04F79EFBC}") = "UserViewCli", "examples\UserView\UserViewCli\UserViewCli.csproj", "{2A74AC8D-C905-28C5-5D12-D57853F0E146}"
EndProject
Project("{FAE04EC0-301F-11D3-BF4B-00C04F79EFBC}") = "UserViewQml", "examples\UserView\UserViewQml\UserViewQml.csproj", "{7A3A3A20-35C3-38E5-E3C6-C54D67110CF9}"
EndProject
Project("{2150E333-8FDC-42A3-9474-1A3956D46DE8}") = "utils", "utils", "{6C631C62-472F-4D89-A382-541CD62A6781}"
EndProject
Project("{FAE04EC0-301F-11D3-BF4B-00C04F79EFBC}") = "LazyFactory", "utils\LazyFactory\LazyFactory.csproj", "{546768BB-0E84-3B76-A143-28C3849CEEF9}"
EndProject
Project("{FAE04EC0-301F-11D3-BF4B-00C04F79EFBC}") = "Collections", "utils\Collections\Collections.csproj", "{0AA411EF-32E1-93AD-4E67-6CBB595715F6}"
EndProject
Project("{FAE04EC0-301F-11D3-BF4B-00C04F79EFBC}") = "Concurrent", "utils\Concurrent\Concurrent.csproj", "{AA5BE7B6-EE11-C6B5-5EF2-3C5E0025B1F3}"
EndProject
Project("{FAE04EC0-301F-11D3-BF4B-00C04F79EFBC}") = "Qt.Bridge.CSharp.Generator.Rules.SourceCode", "src\Qt.Bridge.CSharp.Generator.Rules.SourceCode\Qt.Bridge.CSharp.Generator.Rules.SourceCode.csproj", "{BCBA19AC-3E42-8CD9-3158-AD6B6E5053DC}"
	ProjectSection(ProjectDependencies) = postProject
		{33483AF1-0493-4753-A6E6-4BB750E0E083} = {33483AF1-0493-4753-A6E6-4BB750E0E083}
	EndProjectSection
EndProject
Project("{FAE04EC0-301F-11D3-BF4B-00C04F79EFBC}") = "Test_Qt.Bridge.CSharp.Generator", "tests\Test_Qt.Bridge.CSharp.Generator\Test_Qt.Bridge.CSharp.Generator.csproj", "{79366EDA-4066-4514-B15C-2A8CF428A128}"
EndProject
Project("{FAE04EC0-301F-11D3-BF4B-00C04F79EFBC}") = "Test_Utils", "tests\Test_Utils\Test_Utils.csproj", "{86FADDB9-8C48-3296-9D7A-0CCB0B9B68E3}"
EndProject
Project("{FAE04EC0-301F-11D3-BF4B-00C04F79EFBC}") = "Tutorial", "examples\Tutorial\Tutorial.csproj", "{78239BC2-4B4A-6970-816C-4C1F26157596}"
EndProject
Project("{FAE04EC0-301F-11D3-BF4B-00C04F79EFBC}") = "ColorPalette", "examples\ColorPalette\ColorPalette.csproj", "{244D0DD3-DCE9-433B-A2C3-31B56FADF7E4}"
EndProject
Project("{FAE04EC0-301F-11D3-BF4B-00C04F79EFBC}") = "Qt.Bridge.CSharp.Package", "nuget\Qt.Bridge.CSharp.Package\Qt.Bridge.CSharp.Package.csproj", "{85D62EAD-95CE-685F-AB50-0BDCBA1A311A}"
	ProjectSection(ProjectDependencies) = postProject
		{0111C59D-0D1A-FD46-5534-1936E1B77816} = {0111C59D-0D1A-FD46-5534-1936E1B77816}
		{0AA411EF-32E1-93AD-4E67-6CBB595715F6} = {0AA411EF-32E1-93AD-4E67-6CBB595715F6}
		{2DA9A41A-CBF5-8485-4718-3AE7F05FB40E} = {2DA9A41A-CBF5-8485-4718-3AE7F05FB40E}
		{33483AF1-0493-4753-A6E6-4BB750E0E083} = {33483AF1-0493-4753-A6E6-4BB750E0E083}
		{3863807C-2F87-4E27-A9C9-8675645A8DA5} = {3863807C-2F87-4E27-A9C9-8675645A8DA5}
		{546768BB-0E84-3B76-A143-28C3849CEEF9} = {546768BB-0E84-3B76-A143-28C3849CEEF9}
		{AA5BE7B6-EE11-C6B5-5EF2-3C5E0025B1F3} = {AA5BE7B6-EE11-C6B5-5EF2-3C5E0025B1F3}
		{BCBA19AC-3E42-8CD9-3158-AD6B6E5053DC} = {BCBA19AC-3E42-8CD9-3158-AD6B6E5053DC}
		{C10AE556-35B7-458F-0EF4-78AD799F910D} = {C10AE556-35B7-458F-0EF4-78AD799F910D}
	EndProjectSection
EndProject
Project("{FAE04EC0-301F-11D3-BF4B-00C04F79EFBC}") = "Primes", "examples\Primes\Primes.csproj", "{6F876C80-BBF0-6F6B-C550-27F7AC799574}"
EndProject
Project("{FAE04EC0-301F-11D3-BF4B-00C04F79EFBC}") = "CityTemperatures", "examples\CityTemperatures\CityTemperatures.csproj", "{CFD4AEBB-E7B0-9B59-D04B-3A4BB8DBD576}"
EndProject
Project("{FAE04EC0-301F-11D3-BF4B-00C04F79EFBC}") = "Test_Qt.Bridge.Project", "tests\Test_Qt.Bridge.Project\Test_Qt.Bridge.Project.csproj", "{691601F2-9CF6-8A1B-8F51-2B1E44DA7792}"
EndProject
Project("{FAE04EC0-301F-11D3-BF4B-00C04F79EFBC}") = "Qt.Bridge.CSharp.Templates", "nuget\Qt.Bridge.CSharp.Templates\Qt.Bridge.CSharp.Templates.csproj", "{EB560CA6-8C96-FA9C-7862-BC449EF4469E}"
EndProject
Project("{2150E333-8FDC-42A3-9474-1A3956D46DE8}") = "api", "api", "{80D5B563-8088-4390-99A9-E05340A1998D}"
EndProject
Project("{FAE04EC0-301F-11D3-BF4B-00C04F79EFBC}") = "Qt.Bridge.CSharp.Api", "src\Qt.Bridge.CSharp.Api\Qt.Bridge.CSharp.Api.csproj", "{FEBA31FA-456E-9288-54A7-897BE36C56DE}"
EndProject
Project("{2150E333-8FDC-42A3-9474-1A3956D46DE8}") = "docs", "docs", "{373D7EB2-18E1-47D0-B07E-C3D1301DB3FB}"
	ProjectSection(SolutionItems) = preProject
		README.md = README.md
	EndProjectSection
EndProject
Project("{2150E333-8FDC-42A3-9474-1A3956D46DE8}") = "how-to", "how-to", "{429F92DA-605B-46EC-94F1-938297455867}"
	ProjectSection(SolutionItems) = preProject
		HOW-TO attribs.md = HOW-TO attribs.md
		HOW-TO build nuget and testapp.md = HOW-TO build nuget and testapp.md
		HOW-TO debug generated code.md = HOW-TO debug generated code.md
		HOW-TO Qt Bridge for C#.md = HOW-TO Qt Bridge for C#.md
		HOW-TO resources.md = HOW-TO resources.md
		HOW-TO versions.md = HOW-TO versions.md
	EndProjectSection
EndProject
Project("{2150E333-8FDC-42A3-9474-1A3956D46DE8}") = "build", "build", "{EE16DD31-3C19-4809-8AB3-2C6108598A1B}"
	ProjectSection(SolutionItems) = preProject
		build\Qt.Bridge.props = build\Qt.Bridge.props
		build\Qt.Bridge.targets = build\Qt.Bridge.targets
		build\QtGroup.Qt.Bridge.CSharp.props = build\QtGroup.Qt.Bridge.CSharp.props
		build\QtGroup.Qt.Bridge.CSharp.targets = build\QtGroup.Qt.Bridge.CSharp.targets
	EndProjectSection
EndProject
Project("{2150E333-8FDC-42A3-9474-1A3956D46DE8}") = ".config", ".config", "{2E936378-4914-4BDB-9EE9-6C25D6B69F06}"
EndProject
Project("{2150E333-8FDC-42A3-9474-1A3956D46DE8}") = "interop", "interop", "{A35F15F5-A9B1-42B7-813D-EB616C250F74}"
EndProject
Project("{2150E333-8FDC-42A3-9474-1A3956D46DE8}") = "packages", "packages", "{07A55E90-D10B-4372-B5A9-4A3E45462E37}"
EndProject
Project("{FAE04EC0-301F-11D3-BF4B-00C04F79EFBC}") = "Text", "utils\Text\Text.csproj", "{0111C59D-0D1A-FD46-5534-1936E1B77816}"
EndProject
Project("{2150E333-8FDC-42A3-9474-1A3956D46DE8}") = "coin", "coin", "{AEC4DC9D-ADB8-4873-8B49-E6B6ADAC6B86}"
	ProjectSection(SolutionItems) = preProject
		coin\module_config.yaml = coin\module_config.yaml
	EndProjectSection
EndProject
Project("{2150E333-8FDC-42A3-9474-1A3956D46DE8}") = "instructions", "instructions", "{1BD0459D-1782-4A90-83CB-E28A2FC828E4}"
	ProjectSection(SolutionItems) = preProject
		coin\instructions\build_csharp.yaml = coin\instructions\build_csharp.yaml
		coin\instructions\common_env.yaml = coin\instructions\common_env.yaml
	EndProjectSection
EndProject
Project("{2150E333-8FDC-42A3-9474-1A3956D46DE8}") = "git", "git", "{7D3DDC62-AF75-487C-B9E3-E48BA4C0EF17}"
	ProjectSection(SolutionItems) = preProject
		.gitignore = .gitignore
	EndProjectSection
EndProject
Project("{2150E333-8FDC-42A3-9474-1A3956D46DE8}") = "nuget", "nuget", "{5A670F79-161A-44AB-868D-87D0FD12A2E7}"
	ProjectSection(SolutionItems) = preProject
		NuGet.Config = NuGet.Config
	EndProjectSection
EndProject
Project("{2150E333-8FDC-42A3-9474-1A3956D46DE8}") = "msbuild", "msbuild", "{4636D4AD-519C-4C9D-8320-BE23FA52159C}"
	ProjectSection(SolutionItems) = preProject
		qt_bridge_package.props = qt_bridge_package.props
		qt_rid.props = qt_rid.props
		qt_template.targets = qt_template.targets
		qt_version.props = qt_version.props
	EndProjectSection
EndProject
Project("{FAE04EC0-301F-11D3-BF4B-00C04F79EFBC}") = "ModelsAndViews", "examples\ModelsAndViews\ModelsAndViews.csproj", "{4889FDFE-F805-9EF3-0737-B13652E5C355}"
EndProject
Project("{FAE04EC0-301F-11D3-BF4B-00C04F79EFBC}") = "SpreadsheetSandbox", "examples\SpreadsheetSandbox\SpreadsheetSandbox.csproj", "{4C5B1F35-31A5-26C6-0732-8E622765A401}"
EndProject
Project("{2150E333-8FDC-42A3-9474-1A3956D46DE8}") = "extension", "extension", "{827E0CD3-B72D-47B6-A68D-7590B98EB39B}"
EndProject
Project("{FAE04EC0-301F-11D3-BF4B-00C04F79EFBC}") = "Qt.Bridge.CSharp.VisualStudio.Core", "src\Qt.Bridge.CSharp.VisualStudio.Core\Qt.Bridge.CSharp.VisualStudio.Core.csproj", "{9A1EFF98-6D33-496F-B1B7-70606D6E8AB5}"
EndProject
Project("{FAE04EC0-301F-11D3-BF4B-00C04F79EFBC}") = "Qt.Bridge.CSharp.VisualStudio.Extension", "src\Qt.Bridge.CSharp.VisualStudio.Extension\Qt.Bridge.CSharp.VisualStudio.Extension.csproj", "{6B06BE84-B05C-45F8-AC1C-BCCE68620771}"
EndProject
Project("{FAE04EC0-301F-11D3-BF4B-00C04F79EFBC}") = "Test_Qt.Bridge.CSharp.Api", "tests\Test_Qt.Bridge.CSharp.Api\Test_Qt.Bridge.CSharp.Api.csproj", "{505F81DD-2297-4EA4-99A1-610F970B3E79}"
EndProject
Project("{FAE04EC0-301F-11D3-BF4B-00C04F79EFBC}") = "Bookshelf", "examples\Bookshelf\Bookshelf.csproj", "{59E4DE0B-AE2C-FB41-58DB-57714A59CD74}"
EndProject
Project("{2150E333-8FDC-42A3-9474-1A3956D46DE8}") = "manual", "manual", "{C50AAC52-E619-45DF-AD9F-D98434A2A467}"
EndProject
Project("{FAE04EC0-301F-11D3-BF4B-00C04F79EFBC}") = "MTest_DynamicObject", "tests\manual\MTest_DynamicObject\MTest_DynamicObject.csproj", "{11367024-BD1E-578D-CCB7-A1ADA76DCF1B}"
EndProject
Project("{8BC9CEB8-8B4A-11D0-8D11-00A0C91BC942}") = "MTest_DynamicObject_GeneratedCode", "tests\manual\MTest_DynamicObject\GeneratedCode\MTest_DynamicObject_GeneratedCode.vcxproj", "{9ABC29CB-5F7B-4CC1-AB57-DC8DE16A1BCC}"
EndProject
Project("{2150E333-8FDC-42A3-9474-1A3956D46DE8}") = "Dynamic Object", "Dynamic Object", "{A84500DF-E315-44FC-B14E-EAC92618109D}"
EndProject
Project("{FAE04EC0-301F-11D3-BF4B-00C04F79EFBC}") = "Test_Qt.Bridge.CSharp.VisualStudio.Extension", "tests\Test_Qt.Bridge.CSharp.VisualStudio.Extension\Test_Qt.Bridge.CSharp.VisualStudio.Extension.csproj", "{0FA89422-DD55-4DF1-A22D-0A7DCD7F591C}"
EndProject
Project("{2150E333-8FDC-42A3-9474-1A3956D46DE8}") = "docfx", "docfx", "{09802621-E22A-4F5D-A98A-F44BF953B9E4}"
	ProjectSection(SolutionItems) = preProject
		docs\api-reference.md = docs\api-reference.md
		docs\csharp-and-qml.md = docs\csharp-and-qml.md
		docs\existing-csharp-projects.md = docs\existing-csharp-projects.md
		docs\getting-started-linux.md = docs\getting-started-linux.md
		docs\getting-started-windows-cli-vscode.md = docs\getting-started-windows-cli-vscode.md
		docs\getting-started-windows-visual-studio.md = docs\getting-started-windows-visual-studio.md
		docs\getting-started.md = docs\getting-started.md
		docs\index.md = docs\index.md
		docs\introduction.md = docs\introduction.md
		docs\README.md = docs\README.md
		docs\release-status.md = docs\release-status.md
		docs\resources.md = docs\resources.md
		docs\templates-and-examples.md = docs\templates-and-examples.md
		docs\visual-content-plan.md = docs\visual-content-plan.md
		docs\visual-studio-workflow.md = docs\visual-studio-workflow.md
	EndProjectSection
EndProject
Project("{FAE04EC0-301F-11D3-BF4B-00C04F79EFBC}") = "Qt.Bridge.CSharp.Build.Tasks", "src\Qt.Bridge.CSharp.Build.Tasks\Qt.Bridge.CSharp.Build.Tasks.csproj", "{45B99DAF-18F9-4CCE-97BB-15558BBA5F3E}"
EndProject
Project("{FAE04EC0-301F-11D3-BF4B-00C04F79EFBC}") = "Test_Qt.Bridge.CSharp.Build.Tasks", "tests\Test_Qt.Bridge.CSharp.Build.Tasks\Test_Qt.Bridge.CSharp.Build.Tasks.csproj", "{3B1A10BE-D0BA-48F4-8D3C-525792D16DE4}"
EndProject
Project("{FAE04EC0-301F-11D3-BF4B-00C04F79EFBC}") = "Test_Qt.Bridge.CSharp.VisualStudio.Core", "tests\Test_Qt.Bridge.CSharp.VisualStudio.Core\Test_Qt.Bridge.CSharp.VisualStudio.Core.csproj", "{26F75B13-F401-998B-4BC6-9BC5A5A08693}"
EndProject
Project("{FAE04EC0-301F-11D3-BF4B-00C04F79EFBC}") = "Qt.Bridge.CSharp.Generator.Extensions", "src\Qt.Bridge.CSharp.Generator.Extensions\Qt.Bridge.CSharp.Generator.Extensions.csproj", "{5E4B12AB-A316-4E7F-614E-F2F126B40522}"
EndProject
Project("{FAE04EC0-301F-11D3-BF4B-00C04F79EFBC}") = "Qt.Bridge.CSharp.Generator.MetaFunctions", "src\Qt.Bridge.CSharp.Generator.MetaFunctions\Qt.Bridge.CSharp.Generator.MetaFunctions.csproj", "{4A2DAF1B-C273-A94A-6089-52912AB1B6D7}"
EndProject
Project("{FAE04EC0-301F-11D3-BF4B-00C04F79EFBC}") = "Qt.Bridge.CSharp.Generator.Rules.Metadata", "src\Qt.Bridge.CSharp.Generator.Rules.Metadata\Qt.Bridge.CSharp.Generator.Rules.Metadata.csproj", "{2DA9A41A-CBF5-8485-4718-3AE7F05FB40E}"
EndProject
Project("{FAE04EC0-301F-11D3-BF4B-00C04F79EFBC}") = "Paths", "utils\Paths\Paths.csproj", "{49D3E526-5440-4AD2-950F-4F6BF08B0B33}"
EndProject
Project("{FAE04EC0-301F-11D3-BF4B-00C04F79EFBC}") = "Qt.Bridge.CSharp.AppHost", "src\Qt.Bridge.CSharp.AppHost\Qt.Bridge.CSharp.AppHost.csproj", "{C10AE556-35B7-458F-0EF4-78AD799F910D}"
EndProject
Global
	GlobalSection(SolutionConfigurationPlatforms) = preSolution
		Debug|Any CPU = Debug|Any CPU
		Debug|x64 = Debug|x64
		Debug|x86 = Debug|x86
		Release|Any CPU = Release|Any CPU
		Release|x64 = Release|x64
		Release|x86 = Release|x86
	EndGlobalSection
	GlobalSection(ProjectConfigurationPlatforms) = postSolution
		{3863807C-2F87-4E27-A9C9-8675645A8DA5}.Debug|Any CPU.ActiveCfg = Debug|Any CPU
		{3863807C-2F87-4E27-A9C9-8675645A8DA5}.Debug|Any CPU.Build.0 = Debug|Any CPU
		{3863807C-2F87-4E27-A9C9-8675645A8DA5}.Debug|x64.ActiveCfg = Debug|Any CPU
		{3863807C-2F87-4E27-A9C9-8675645A8DA5}.Debug|x64.Build.0 = Debug|Any CPU
		{3863807C-2F87-4E27-A9C9-8675645A8DA5}.Debug|x86.ActiveCfg = Debug|Any CPU
		{3863807C-2F87-4E27-A9C9-8675645A8DA5}.Debug|x86.Build.0 = Debug|Any CPU
		{3863807C-2F87-4E27-A9C9-8675645A8DA5}.Release|Any CPU.ActiveCfg = Release|Any CPU
		{3863807C-2F87-4E27-A9C9-8675645A8DA5}.Release|Any CPU.Build.0 = Release|Any CPU
		{3863807C-2F87-4E27-A9C9-8675645A8DA5}.Release|x64.ActiveCfg = Release|Any CPU
		{3863807C-2F87-4E27-A9C9-8675645A8DA5}.Release|x64.Build.0 = Release|Any CPU
		{3863807C-2F87-4E27-A9C9-8675645A8DA5}.Release|x86.ActiveCfg = Release|Any CPU
		{3863807C-2F87-4E27-A9C9-8675645A8DA5}.Release|x86.Build.0 = Release|Any CPU
		{33483AF1-0493-4753-A6E6-4BB750E0E083}.Debug|Any CPU.ActiveCfg = Debug|Any CPU
		{33483AF1-0493-4753-A6E6-4BB750E0E083}.Debug|Any CPU.Build.0 = Debug|Any CPU
		{33483AF1-0493-4753-A6E6-4BB750E0E083}.Debug|x64.ActiveCfg = Debug|Any CPU
		{33483AF1-0493-4753-A6E6-4BB750E0E083}.Debug|x64.Build.0 = Debug|Any CPU
		{33483AF1-0493-4753-A6E6-4BB750E0E083}.Debug|x86.ActiveCfg = Debug|Any CPU
		{33483AF1-0493-4753-A6E6-4BB750E0E083}.Debug|x86.Build.0 = Debug|Any CPU
		{33483AF1-0493-4753-A6E6-4BB750E0E083}.Release|Any CPU.ActiveCfg = Release|Any CPU
		{33483AF1-0493-4753-A6E6-4BB750E0E083}.Release|Any CPU.Build.0 = Release|Any CPU
		{33483AF1-0493-4753-A6E6-4BB750E0E083}.Release|x64.ActiveCfg = Release|Any CPU
		{33483AF1-0493-4753-A6E6-4BB750E0E083}.Release|x64.Build.0 = Release|Any CPU
		{33483AF1-0493-4753-A6E6-4BB750E0E083}.Release|x86.ActiveCfg = Release|Any CPU
		{33483AF1-0493-4753-A6E6-4BB750E0E083}.Release|x86.Build.0 = Release|Any CPU
		{5356F0D5-B6B5-0620-28D5-3F6D5F9021A7}.Debug|Any CPU.ActiveCfg = Debug|Any CPU
		{5356F0D5-B6B5-0620-28D5-3F6D5F9021A7}.Debug|x64.ActiveCfg = Debug|Any CPU
		{5356F0D5-B6B5-0620-28D5-3F6D5F9021A7}.Debug|x86.ActiveCfg = Debug|Any CPU
		{5356F0D5-B6B5-0620-28D5-3F6D5F9021A7}.Release|Any CPU.ActiveCfg = Release|Any CPU
		{5356F0D5-B6B5-0620-28D5-3F6D5F9021A7}.Release|x64.ActiveCfg = Release|Any CPU
		{5356F0D5-B6B5-0620-28D5-3F6D5F9021A7}.Release|x86.ActiveCfg = Release|Any CPU
		{2A74AC8D-C905-28C5-5D12-D57853F0E146}.Debug|Any CPU.ActiveCfg = Debug|Any CPU
		{2A74AC8D-C905-28C5-5D12-D57853F0E146}.Debug|x64.ActiveCfg = Debug|Any CPU
		{2A74AC8D-C905-28C5-5D12-D57853F0E146}.Debug|x86.ActiveCfg = Debug|Any CPU
		{2A74AC8D-C905-28C5-5D12-D57853F0E146}.Release|Any CPU.ActiveCfg = Release|Any CPU
		{2A74AC8D-C905-28C5-5D12-D57853F0E146}.Release|x64.ActiveCfg = Release|Any CPU
		{2A74AC8D-C905-28C5-5D12-D57853F0E146}.Release|x86.ActiveCfg = Release|Any CPU
		{7A3A3A20-35C3-38E5-E3C6-C54D67110CF9}.Debug|Any CPU.ActiveCfg = Debug|Any CPU
		{7A3A3A20-35C3-38E5-E3C6-C54D67110CF9}.Debug|x64.ActiveCfg = Debug|Any CPU
		{7A3A3A20-35C3-38E5-E3C6-C54D67110CF9}.Debug|x86.ActiveCfg = Debug|Any CPU
		{7A3A3A20-35C3-38E5-E3C6-C54D67110CF9}.Release|Any CPU.ActiveCfg = Release|Any CPU
		{7A3A3A20-35C3-38E5-E3C6-C54D67110CF9}.Release|x64.ActiveCfg = Release|Any CPU
		{7A3A3A20-35C3-38E5-E3C6-C54D67110CF9}.Release|x86.ActiveCfg = Release|Any CPU
		{546768BB-0E84-3B76-A143-28C3849CEEF9}.Debug|Any CPU.ActiveCfg = Debug|Any CPU
		{546768BB-0E84-3B76-A143-28C3849CEEF9}.Debug|Any CPU.Build.0 = Debug|Any CPU
		{546768BB-0E84-3B76-A143-28C3849CEEF9}.Debug|x64.ActiveCfg = Debug|Any CPU
		{546768BB-0E84-3B76-A143-28C3849CEEF9}.Debug|x64.Build.0 = Debug|Any CPU
		{546768BB-0E84-3B76-A143-28C3849CEEF9}.Debug|x86.ActiveCfg = Debug|Any CPU
		{546768BB-0E84-3B76-A143-28C3849CEEF9}.Debug|x86.Build.0 = Debug|Any CPU
		{546768BB-0E84-3B76-A143-28C3849CEEF9}.Release|Any CPU.ActiveCfg = Release|Any CPU
		{546768BB-0E84-3B76-A143-28C3849CEEF9}.Release|Any CPU.Build.0 = Release|Any CPU
		{546768BB-0E84-3B76-A143-28C3849CEEF9}.Release|x64.ActiveCfg = Release|Any CPU
		{546768BB-0E84-3B76-A143-28C3849CEEF9}.Release|x64.Build.0 = Release|Any CPU
		{546768BB-0E84-3B76-A143-28C3849CEEF9}.Release|x86.ActiveCfg = Release|Any CPU
		{546768BB-0E84-3B76-A143-28C3849CEEF9}.Release|x86.Build.0 = Release|Any CPU
		{0AA411EF-32E1-93AD-4E67-6CBB595715F6}.Debug|Any CPU.ActiveCfg = Debug|Any CPU
		{0AA411EF-32E1-93AD-4E67-6CBB595715F6}.Debug|Any CPU.Build.0 = Debug|Any CPU
		{0AA411EF-32E1-93AD-4E67-6CBB595715F6}.Debug|x64.ActiveCfg = Debug|Any CPU
		{0AA411EF-32E1-93AD-4E67-6CBB595715F6}.Debug|x64.Build.0 = Debug|Any CPU
		{0AA411EF-32E1-93AD-4E67-6CBB595715F6}.Debug|x86.ActiveCfg = Debug|Any CPU
		{0AA411EF-32E1-93AD-4E67-6CBB595715F6}.Debug|x86.Build.0 = Debug|Any CPU
		{0AA411EF-32E1-93AD-4E67-6CBB595715F6}.Release|Any CPU.ActiveCfg = Release|Any CPU
		{0AA411EF-32E1-93AD-4E67-6CBB595715F6}.Release|Any CPU.Build.0 = Release|Any CPU
		{0AA411EF-32E1-93AD-4E67-6CBB595715F6}.Release|x64.ActiveCfg = Release|Any CPU
		{0AA411EF-32E1-93AD-4E67-6CBB595715F6}.Release|x64.Build.0 = Release|Any CPU
		{0AA411EF-32E1-93AD-4E67-6CBB595715F6}.Release|x86.ActiveCfg = Release|Any CPU
		{0AA411EF-32E1-93AD-4E67-6CBB595715F6}.Release|x86.Build.0 = Release|Any CPU
		{AA5BE7B6-EE11-C6B5-5EF2-3C5E0025B1F3}.Debug|Any CPU.ActiveCfg = Debug|Any CPU
		{AA5BE7B6-EE11-C6B5-5EF2-3C5E0025B1F3}.Debug|Any CPU.Build.0 = Debug|Any CPU
		{AA5BE7B6-EE11-C6B5-5EF2-3C5E0025B1F3}.Debug|x64.ActiveCfg = Debug|Any CPU
		{AA5BE7B6-EE11-C6B5-5EF2-3C5E0025B1F3}.Debug|x64.Build.0 = Debug|Any CPU
		{AA5BE7B6-EE11-C6B5-5EF2-3C5E0025B1F3}.Debug|x86.ActiveCfg = Debug|Any CPU
		{AA5BE7B6-EE11-C6B5-5EF2-3C5E0025B1F3}.Debug|x86.Build.0 = Debug|Any CPU
		{AA5BE7B6-EE11-C6B5-5EF2-3C5E0025B1F3}.Release|Any CPU.ActiveCfg = Release|Any CPU
		{AA5BE7B6-EE11-C6B5-5EF2-3C5E0025B1F3}.Release|Any CPU.Build.0 = Release|Any CPU
		{AA5BE7B6-EE11-C6B5-5EF2-3C5E0025B1F3}.Release|x64.ActiveCfg = Release|Any CPU
		{AA5BE7B6-EE11-C6B5-5EF2-3C5E0025B1F3}.Release|x64.Build.0 = Release|Any CPU
		{AA5BE7B6-EE11-C6B5-5EF2-3C5E0025B1F3}.Release|x86.ActiveCfg = Release|Any CPU
		{AA5BE7B6-EE11-C6B5-5EF2-3C5E0025B1F3}.Release|x86.Build.0 = Release|Any CPU
		{BCBA19AC-3E42-8CD9-3158-AD6B6E5053DC}.Debug|Any CPU.ActiveCfg = Debug|Any CPU
		{BCBA19AC-3E42-8CD9-3158-AD6B6E5053DC}.Debug|Any CPU.Build.0 = Debug|Any CPU
		{BCBA19AC-3E42-8CD9-3158-AD6B6E5053DC}.Debug|x64.ActiveCfg = Debug|Any CPU
		{BCBA19AC-3E42-8CD9-3158-AD6B6E5053DC}.Debug|x64.Build.0 = Debug|Any CPU
		{BCBA19AC-3E42-8CD9-3158-AD6B6E5053DC}.Debug|x86.ActiveCfg = Debug|Any CPU
		{BCBA19AC-3E42-8CD9-3158-AD6B6E5053DC}.Debug|x86.Build.0 = Debug|Any CPU
		{BCBA19AC-3E42-8CD9-3158-AD6B6E5053DC}.Release|Any CPU.ActiveCfg = Release|Any CPU
		{BCBA19AC-3E42-8CD9-3158-AD6B6E5053DC}.Release|Any CPU.Build.0 = Release|Any CPU
		{BCBA19AC-3E42-8CD9-3158-AD6B6E5053DC}.Release|x64.ActiveCfg = Release|Any CPU
		{BCBA19AC-3E42-8CD9-3158-AD6B6E5053DC}.Release|x64.Build.0 = Release|Any CPU
		{BCBA19AC-3E42-8CD9-3158-AD6B6E5053DC}.Release|x86.ActiveCfg = Release|Any CPU
		{BCBA19AC-3E42-8CD9-3158-AD6B6E5053DC}.Release|x86.Build.0 = Release|Any CPU
		{79366EDA-4066-4514-B15C-2A8CF428A128}.Debug|Any CPU.ActiveCfg = Debug|Any CPU
		{79366EDA-4066-4514-B15C-2A8CF428A128}.Debug|Any CPU.Build.0 = Debug|Any CPU
		{79366EDA-4066-4514-B15C-2A8CF428A128}.Debug|x64.ActiveCfg = Debug|Any CPU
		{79366EDA-4066-4514-B15C-2A8CF428A128}.Debug|x64.Build.0 = Debug|Any CPU
		{79366EDA-4066-4514-B15C-2A8CF428A128}.Debug|x86.ActiveCfg = Debug|Any CPU
		{79366EDA-4066-4514-B15C-2A8CF428A128}.Debug|x86.Build.0 = Debug|Any CPU
		{79366EDA-4066-4514-B15C-2A8CF428A128}.Release|Any CPU.ActiveCfg = Release|Any CPU
		{79366EDA-4066-4514-B15C-2A8CF428A128}.Release|Any CPU.Build.0 = Release|Any CPU
		{79366EDA-4066-4514-B15C-2A8CF428A128}.Release|x64.ActiveCfg = Release|Any CPU
		{79366EDA-4066-4514-B15C-2A8CF428A128}.Release|x64.Build.0 = Release|Any CPU
		{79366EDA-4066-4514-B15C-2A8CF428A128}.Release|x86.ActiveCfg = Release|Any CPU
		{79366EDA-4066-4514-B15C-2A8CF428A128}.Release|x86.Build.0 = Release|Any CPU
		{86FADDB9-8C48-3296-9D7A-0CCB0B9B68E3}.Debug|Any CPU.ActiveCfg = Debug|Any CPU
		{86FADDB9-8C48-3296-9D7A-0CCB0B9B68E3}.Debug|Any CPU.Build.0 = Debug|Any CPU
		{86FADDB9-8C48-3296-9D7A-0CCB0B9B68E3}.Debug|x64.ActiveCfg = Debug|Any CPU
		{86FADDB9-8C48-3296-9D7A-0CCB0B9B68E3}.Debug|x64.Build.0 = Debug|Any CPU
		{86FADDB9-8C48-3296-9D7A-0CCB0B9B68E3}.Debug|x86.ActiveCfg = Debug|Any CPU
		{86FADDB9-8C48-3296-9D7A-0CCB0B9B68E3}.Debug|x86.Build.0 = Debug|Any CPU
		{86FADDB9-8C48-3296-9D7A-0CCB0B9B68E3}.Release|Any CPU.ActiveCfg = Release|Any CPU
		{86FADDB9-8C48-3296-9D7A-0CCB0B9B68E3}.Release|Any CPU.Build.0 = Release|Any CPU
		{86FADDB9-8C48-3296-9D7A-0CCB0B9B68E3}.Release|x64.ActiveCfg = Release|Any CPU
		{86FADDB9-8C48-3296-9D7A-0CCB0B9B68E3}.Release|x64.Build.0 = Release|Any CPU
		{86FADDB9-8C48-3296-9D7A-0CCB0B9B68E3}.Release|x86.ActiveCfg = Release|Any CPU
		{86FADDB9-8C48-3296-9D7A-0CCB0B9B68E3}.Release|x86.Build.0 = Release|Any CPU
		{78239BC2-4B4A-6970-816C-4C1F26157596}.Debug|Any CPU.ActiveCfg = Debug|Any CPU
		{78239BC2-4B4A-6970-816C-4C1F26157596}.Debug|x64.ActiveCfg = Debug|Any CPU
		{78239BC2-4B4A-6970-816C-4C1F26157596}.Debug|x86.ActiveCfg = Debug|Any CPU
		{78239BC2-4B4A-6970-816C-4C1F26157596}.Release|Any CPU.ActiveCfg = Release|Any CPU
		{78239BC2-4B4A-6970-816C-4C1F26157596}.Release|x64.ActiveCfg = Release|Any CPU
		{78239BC2-4B4A-6970-816C-4C1F26157596}.Release|x86.ActiveCfg = Release|Any CPU
		{244D0DD3-DCE9-433B-A2C3-31B56FADF7E4}.Debug|Any CPU.ActiveCfg = Debug|Any CPU
		{244D0DD3-DCE9-433B-A2C3-31B56FADF7E4}.Debug|x64.ActiveCfg = Debug|Any CPU
		{244D0DD3-DCE9-433B-A2C3-31B56FADF7E4}.Debug|x86.ActiveCfg = Debug|Any CPU
		{244D0DD3-DCE9-433B-A2C3-31B56FADF7E4}.Release|Any CPU.ActiveCfg = Release|Any CPU
		{244D0DD3-DCE9-433B-A2C3-31B56FADF7E4}.Release|x64.ActiveCfg = Release|Any CPU
		{244D0DD3-DCE9-433B-A2C3-31B56FADF7E4}.Release|x86.ActiveCfg = Release|Any CPU
		{85D62EAD-95CE-685F-AB50-0BDCBA1A311A}.Debug|Any CPU.ActiveCfg = Debug|Any CPU
		{85D62EAD-95CE-685F-AB50-0BDCBA1A311A}.Debug|Any CPU.Build.0 = Debug|Any CPU
		{85D62EAD-95CE-685F-AB50-0BDCBA1A311A}.Debug|x64.ActiveCfg = Debug|Any CPU
		{85D62EAD-95CE-685F-AB50-0BDCBA1A311A}.Debug|x64.Build.0 = Debug|Any CPU
		{85D62EAD-95CE-685F-AB50-0BDCBA1A311A}.Debug|x86.ActiveCfg = Debug|Any CPU
		{85D62EAD-95CE-685F-AB50-0BDCBA1A311A}.Debug|x86.Build.0 = Debug|Any CPU
		{85D62EAD-95CE-685F-AB50-0BDCBA1A311A}.Release|Any CPU.ActiveCfg = Release|Any CPU
		{85D62EAD-95CE-685F-AB50-0BDCBA1A311A}.Release|Any CPU.Build.0 = Release|Any CPU
		{85D62EAD-95CE-685F-AB50-0BDCBA1A311A}.Release|x64.ActiveCfg = Release|Any CPU
		{85D62EAD-95CE-685F-AB50-0BDCBA1A311A}.Release|x64.Build.0 = Release|Any CPU
		{85D62EAD-95CE-685F-AB50-0BDCBA1A311A}.Release|x86.ActiveCfg = Release|Any CPU
		{85D62EAD-95CE-685F-AB50-0BDCBA1A311A}.Release|x86.Build.0 = Release|Any CPU
		{6F876C80-BBF0-6F6B-C550-27F7AC799574}.Debug|Any CPU.ActiveCfg = Debug|Any CPU
		{6F876C80-BBF0-6F6B-C550-27F7AC799574}.Debug|x64.ActiveCfg = Debug|Any CPU
		{6F876C80-BBF0-6F6B-C550-27F7AC799574}.Debug|x86.ActiveCfg = Debug|Any CPU
		{6F876C80-BBF0-6F6B-C550-27F7AC799574}.Release|Any CPU.ActiveCfg = Release|Any CPU
		{6F876C80-BBF0-6F6B-C550-27F7AC799574}.Release|x64.ActiveCfg = Release|Any CPU
		{6F876C80-BBF0-6F6B-C550-27F7AC799574}.Release|x86.ActiveCfg = Release|Any CPU
		{CFD4AEBB-E7B0-9B59-D04B-3A4BB8DBD576}.Debug|Any CPU.ActiveCfg = Debug|Any CPU
		{CFD4AEBB-E7B0-9B59-D04B-3A4BB8DBD576}.Debug|x64.ActiveCfg = Debug|Any CPU
		{CFD4AEBB-E7B0-9B59-D04B-3A4BB8DBD576}.Debug|x86.ActiveCfg = Debug|Any CPU
		{CFD4AEBB-E7B0-9B59-D04B-3A4BB8DBD576}.Release|Any CPU.ActiveCfg = Release|Any CPU
		{CFD4AEBB-E7B0-9B59-D04B-3A4BB8DBD576}.Release|x64.ActiveCfg = Release|Any CPU
		{CFD4AEBB-E7B0-9B59-D04B-3A4BB8DBD576}.Release|x86.ActiveCfg = Release|Any CPU
		{691601F2-9CF6-8A1B-8F51-2B1E44DA7792}.Debug|Any CPU.ActiveCfg = Debug|Any CPU
		{691601F2-9CF6-8A1B-8F51-2B1E44DA7792}.Debug|Any CPU.Build.0 = Debug|Any CPU
		{691601F2-9CF6-8A1B-8F51-2B1E44DA7792}.Debug|x64.ActiveCfg = Debug|Any CPU
		{691601F2-9CF6-8A1B-8F51-2B1E44DA7792}.Debug|x64.Build.0 = Debug|Any CPU
		{691601F2-9CF6-8A1B-8F51-2B1E44DA7792}.Debug|x86.ActiveCfg = Debug|Any CPU
		{691601F2-9CF6-8A1B-8F51-2B1E44DA7792}.Debug|x86.Build.0 = Debug|Any CPU
		{691601F2-9CF6-8A1B-8F51-2B1E44DA7792}.Release|Any CPU.ActiveCfg = Release|Any CPU
		{691601F2-9CF6-8A1B-8F51-2B1E44DA7792}.Release|Any CPU.Build.0 = Release|Any CPU
		{691601F2-9CF6-8A1B-8F51-2B1E44DA7792}.Release|x64.ActiveCfg = Release|Any CPU
		{691601F2-9CF6-8A1B-8F51-2B1E44DA7792}.Release|x64.Build.0 = Release|Any CPU
		{691601F2-9CF6-8A1B-8F51-2B1E44DA7792}.Release|x86.ActiveCfg = Release|Any CPU
		{691601F2-9CF6-8A1B-8F51-2B1E44DA7792}.Release|x86.Build.0 = Release|Any CPU
		{EB560CA6-8C96-FA9C-7862-BC449EF4469E}.Debug|Any CPU.ActiveCfg = Debug|Any CPU
		{EB560CA6-8C96-FA9C-7862-BC449EF4469E}.Debug|Any CPU.Build.0 = Debug|Any CPU
		{EB560CA6-8C96-FA9C-7862-BC449EF4469E}.Debug|x64.ActiveCfg = Debug|Any CPU
		{EB560CA6-8C96-FA9C-7862-BC449EF4469E}.Debug|x64.Build.0 = Debug|Any CPU
		{EB560CA6-8C96-FA9C-7862-BC449EF4469E}.Debug|x86.ActiveCfg = Debug|Any CPU
		{EB560CA6-8C96-FA9C-7862-BC449EF4469E}.Debug|x86.Build.0 = Debug|Any CPU
		{EB560CA6-8C96-FA9C-7862-BC449EF4469E}.Release|Any CPU.ActiveCfg = Release|Any CPU
		{EB560CA6-8C96-FA9C-7862-BC449EF4469E}.Release|Any CPU.Build.0 = Release|Any CPU
		{EB560CA6-8C96-FA9C-7862-BC449EF4469E}.Release|x64.ActiveCfg = Release|Any CPU
		{EB560CA6-8C96-FA9C-7862-BC449EF4469E}.Release|x64.Build.0 = Release|Any CPU
		{EB560CA6-8C96-FA9C-7862-BC449EF4469E}.Release|x86.ActiveCfg = Release|Any CPU
		{EB560CA6-8C96-FA9C-7862-BC449EF4469E}.Release|x86.Build.0 = Release|Any CPU
		{FEBA31FA-456E-9288-54A7-897BE36C56DE}.Debug|Any CPU.ActiveCfg = Debug|Any CPU
		{FEBA31FA-456E-9288-54A7-897BE36C56DE}.Debug|Any CPU.Build.0 = Debug|Any CPU
		{FEBA31FA-456E-9288-54A7-897BE36C56DE}.Debug|x64.ActiveCfg = Debug|Any CPU
		{FEBA31FA-456E-9288-54A7-897BE36C56DE}.Debug|x64.Build.0 = Debug|Any CPU
		{FEBA31FA-456E-9288-54A7-897BE36C56DE}.Debug|x86.ActiveCfg = Debug|Any CPU
		{FEBA31FA-456E-9288-54A7-897BE36C56DE}.Debug|x86.Build.0 = Debug|Any CPU
		{FEBA31FA-456E-9288-54A7-897BE36C56DE}.Release|Any CPU.ActiveCfg = Release|Any CPU
		{FEBA31FA-456E-9288-54A7-897BE36C56DE}.Release|Any CPU.Build.0 = Release|Any CPU
		{FEBA31FA-456E-9288-54A7-897BE36C56DE}.Release|x64.ActiveCfg = Release|Any CPU
		{FEBA31FA-456E-9288-54A7-897BE36C56DE}.Release|x64.Build.0 = Release|Any CPU
		{FEBA31FA-456E-9288-54A7-897BE36C56DE}.Release|x86.ActiveCfg = Release|Any CPU
		{FEBA31FA-456E-9288-54A7-897BE36C56DE}.Release|x86.Build.0 = Release|Any CPU
		{0111C59D-0D1A-FD46-5534-1936E1B77816}.Debug|Any CPU.ActiveCfg = Debug|Any CPU
		{0111C59D-0D1A-FD46-5534-1936E1B77816}.Debug|Any CPU.Build.0 = Debug|Any CPU
		{0111C59D-0D1A-FD46-5534-1936E1B77816}.Debug|x64.ActiveCfg = Debug|Any CPU
		{0111C59D-0D1A-FD46-5534-1936E1B77816}.Debug|x64.Build.0 = Debug|Any CPU
		{0111C59D-0D1A-FD46-5534-1936E1B77816}.Debug|x86.ActiveCfg = Debug|Any CPU
		{0111C59D-0D1A-FD46-5534-1936E1B77816}.Debug|x86.Build.0 = Debug|Any CPU
		{0111C59D-0D1A-FD46-5534-1936E1B77816}.Release|Any CPU.ActiveCfg = Release|Any CPU
		{0111C59D-0D1A-FD46-5534-1936E1B77816}.Release|Any CPU.Build.0 = Release|Any CPU
		{0111C59D-0D1A-FD46-5534-1936E1B77816}.Release|x64.ActiveCfg = Release|Any CPU
		{0111C59D-0D1A-FD46-5534-1936E1B77816}.Release|x64.Build.0 = Release|Any CPU
		{0111C59D-0D1A-FD46-5534-1936E1B77816}.Release|x86.ActiveCfg = Release|Any CPU
		{0111C59D-0D1A-FD46-5534-1936E1B77816}.Release|x86.Build.0 = Release|Any CPU
		{4889FDFE-F805-9EF3-0737-B13652E5C355}.Debug|Any CPU.ActiveCfg = Debug|Any CPU
		{4889FDFE-F805-9EF3-0737-B13652E5C355}.Debug|x64.ActiveCfg = Debug|Any CPU
		{4889FDFE-F805-9EF3-0737-B13652E5C355}.Debug|x86.ActiveCfg = Debug|Any CPU
		{4889FDFE-F805-9EF3-0737-B13652E5C355}.Release|Any CPU.ActiveCfg = Release|Any CPU
		{4889FDFE-F805-9EF3-0737-B13652E5C355}.Release|x64.ActiveCfg = Release|Any CPU
		{4889FDFE-F805-9EF3-0737-B13652E5C355}.Release|x86.ActiveCfg = Release|Any CPU
		{4C5B1F35-31A5-26C6-0732-8E622765A401}.Debug|Any CPU.ActiveCfg = Debug|Any CPU
		{4C5B1F35-31A5-26C6-0732-8E622765A401}.Debug|x64.ActiveCfg = Debug|Any CPU
		{4C5B1F35-31A5-26C6-0732-8E622765A401}.Debug|x86.ActiveCfg = Debug|Any CPU
		{4C5B1F35-31A5-26C6-0732-8E622765A401}.Release|Any CPU.ActiveCfg = Release|Any CPU
		{4C5B1F35-31A5-26C6-0732-8E622765A401}.Release|x64.ActiveCfg = Release|Any CPU
		{4C5B1F35-31A5-26C6-0732-8E622765A401}.Release|x86.ActiveCfg = Release|Any CPU
		{9A1EFF98-6D33-496F-B1B7-70606D6E8AB5}.Debug|Any CPU.ActiveCfg = Debug|Any CPU
		{9A1EFF98-6D33-496F-B1B7-70606D6E8AB5}.Debug|Any CPU.Build.0 = Debug|Any CPU
		{9A1EFF98-6D33-496F-B1B7-70606D6E8AB5}.Debug|x64.ActiveCfg = Debug|Any CPU
		{9A1EFF98-6D33-496F-B1B7-70606D6E8AB5}.Debug|x64.Build.0 = Debug|Any CPU
		{9A1EFF98-6D33-496F-B1B7-70606D6E8AB5}.Debug|x86.ActiveCfg = Debug|Any CPU
		{9A1EFF98-6D33-496F-B1B7-70606D6E8AB5}.Debug|x86.Build.0 = Debug|Any CPU
		{9A1EFF98-6D33-496F-B1B7-70606D6E8AB5}.Release|Any CPU.ActiveCfg = Release|Any CPU
		{9A1EFF98-6D33-496F-B1B7-70606D6E8AB5}.Release|Any CPU.Build.0 = Release|Any CPU
		{9A1EFF98-6D33-496F-B1B7-70606D6E8AB5}.Release|x64.ActiveCfg = Release|Any CPU
		{9A1EFF98-6D33-496F-B1B7-70606D6E8AB5}.Release|x64.Build.0 = Release|Any CPU
		{9A1EFF98-6D33-496F-B1B7-70606D6E8AB5}.Release|x86.ActiveCfg = Release|Any CPU
		{9A1EFF98-6D33-496F-B1B7-70606D6E8AB5}.Release|x86.Build.0 = Release|Any CPU
		{6B06BE84-B05C-45F8-AC1C-BCCE68620771}.Debug|Any CPU.ActiveCfg = Debug|Any CPU
		{6B06BE84-B05C-45F8-AC1C-BCCE68620771}.Debug|Any CPU.Build.0 = Debug|Any CPU
		{6B06BE84-B05C-45F8-AC1C-BCCE68620771}.Debug|Any CPU.Deploy.0 = Debug|Any CPU
		{6B06BE84-B05C-45F8-AC1C-BCCE68620771}.Debug|x64.ActiveCfg = Debug|Any CPU
		{6B06BE84-B05C-45F8-AC1C-BCCE68620771}.Debug|x64.Build.0 = Debug|Any CPU
		{6B06BE84-B05C-45F8-AC1C-BCCE68620771}.Debug|x86.ActiveCfg = Debug|Any CPU
		{6B06BE84-B05C-45F8-AC1C-BCCE68620771}.Debug|x86.Build.0 = Debug|Any CPU
		{6B06BE84-B05C-45F8-AC1C-BCCE68620771}.Release|Any CPU.ActiveCfg = Release|Any CPU
		{6B06BE84-B05C-45F8-AC1C-BCCE68620771}.Release|Any CPU.Build.0 = Release|Any CPU
		{6B06BE84-B05C-45F8-AC1C-BCCE68620771}.Release|Any CPU.Deploy.0 = Release|Any CPU
		{6B06BE84-B05C-45F8-AC1C-BCCE68620771}.Release|x64.ActiveCfg = Release|Any CPU
		{6B06BE84-B05C-45F8-AC1C-BCCE68620771}.Release|x64.Build.0 = Release|Any CPU
		{6B06BE84-B05C-45F8-AC1C-BCCE68620771}.Release|x86.ActiveCfg = Release|Any CPU
		{6B06BE84-B05C-45F8-AC1C-BCCE68620771}.Release|x86.Build.0 = Release|Any CPU
		{505F81DD-2297-4EA4-99A1-610F970B3E79}.Debug|Any CPU.ActiveCfg = Debug|Any CPU
		{505F81DD-2297-4EA4-99A1-610F970B3E79}.Debug|Any CPU.Build.0 = Debug|Any CPU
		{505F81DD-2297-4EA4-99A1-610F970B3E79}.Debug|x64.ActiveCfg = Debug|Any CPU
		{505F81DD-2297-4EA4-99A1-610F970B3E79}.Debug|x64.Build.0 = Debug|Any CPU
		{505F81DD-2297-4EA4-99A1-610F970B3E79}.Debug|x86.ActiveCfg = Debug|Any CPU
		{505F81DD-2297-4EA4-99A1-610F970B3E79}.Debug|x86.Build.0 = Debug|Any CPU
		{505F81DD-2297-4EA4-99A1-610F970B3E79}.Release|Any CPU.ActiveCfg = Release|Any CPU
		{505F81DD-2297-4EA4-99A1-610F970B3E79}.Release|Any CPU.Build.0 = Release|Any CPU
		{505F81DD-2297-4EA4-99A1-610F970B3E79}.Release|x64.ActiveCfg = Release|Any CPU
		{505F81DD-2297-4EA4-99A1-610F970B3E79}.Release|x64.Build.0 = Release|Any CPU
		{505F81DD-2297-4EA4-99A1-610F970B3E79}.Release|x86.ActiveCfg = Release|Any CPU
		{505F81DD-2297-4EA4-99A1-610F970B3E79}.Release|x86.Build.0 = Release|Any CPU
		{59E4DE0B-AE2C-FB41-58DB-57714A59CD74}.Debug|Any CPU.ActiveCfg = Debug|Any CPU
		{59E4DE0B-AE2C-FB41-58DB-57714A59CD74}.Debug|x64.ActiveCfg = Debug|Any CPU
		{59E4DE0B-AE2C-FB41-58DB-57714A59CD74}.Debug|x86.ActiveCfg = Debug|Any CPU
		{59E4DE0B-AE2C-FB41-58DB-57714A59CD74}.Release|Any CPU.ActiveCfg = Release|Any CPU
		{59E4DE0B-AE2C-FB41-58DB-57714A59CD74}.Release|x64.ActiveCfg = Release|Any CPU
		{59E4DE0B-AE2C-FB41-58DB-57714A59CD74}.Release|x86.ActiveCfg = Release|Any CPU
		{11367024-BD1E-578D-CCB7-A1ADA76DCF1B}.Debug|Any CPU.ActiveCfg = Debug|Any CPU
		{11367024-BD1E-578D-CCB7-A1ADA76DCF1B}.Debug|x64.ActiveCfg = Debug|Any CPU
		{11367024-BD1E-578D-CCB7-A1ADA76DCF1B}.Debug|x86.ActiveCfg = Debug|Any CPU
		{11367024-BD1E-578D-CCB7-A1ADA76DCF1B}.Release|Any CPU.ActiveCfg = Debug|Any CPU
		{11367024-BD1E-578D-CCB7-A1ADA76DCF1B}.Release|x64.ActiveCfg = Debug|Any CPU
		{11367024-BD1E-578D-CCB7-A1ADA76DCF1B}.Release|x86.ActiveCfg = Debug|Any CPU
		{9ABC29CB-5F7B-4CC1-AB57-DC8DE16A1BCC}.Debug|Any CPU.ActiveCfg = Debug|x64
		{9ABC29CB-5F7B-4CC1-AB57-DC8DE16A1BCC}.Debug|x64.ActiveCfg = Debug|x64
		{9ABC29CB-5F7B-4CC1-AB57-DC8DE16A1BCC}.Debug|x86.ActiveCfg = Debug|x64
		{9ABC29CB-5F7B-4CC1-AB57-DC8DE16A1BCC}.Release|Any CPU.ActiveCfg = Debug|x64
		{9ABC29CB-5F7B-4CC1-AB57-DC8DE16A1BCC}.Release|x64.ActiveCfg = Debug|x64
		{9ABC29CB-5F7B-4CC1-AB57-DC8DE16A1BCC}.Release|x86.ActiveCfg = Debug|x64
		{0FA89422-DD55-4DF1-A22D-0A7DCD7F591C}.Debug|Any CPU.ActiveCfg = Debug|Any CPU
		{0FA89422-DD55-4DF1-A22D-0A7DCD7F591C}.Debug|Any CPU.Build.0 = Debug|Any CPU
		{0FA89422-DD55-4DF1-A22D-0A7DCD7F591C}.Debug|x64.ActiveCfg = Debug|Any CPU
		{0FA89422-DD55-4DF1-A22D-0A7DCD7F591C}.Debug|x64.Build.0 = Debug|Any CPU
		{0FA89422-DD55-4DF1-A22D-0A7DCD7F591C}.Debug|x86.ActiveCfg = Debug|Any CPU
		{0FA89422-DD55-4DF1-A22D-0A7DCD7F591C}.Debug|x86.Build.0 = Debug|Any CPU
		{0FA89422-DD55-4DF1-A22D-0A7DCD7F591C}.Release|Any CPU.ActiveCfg = Release|Any CPU
		{0FA89422-DD55-4DF1-A22D-0A7DCD7F591C}.Release|Any CPU.Build.0 = Release|Any CPU
		{0FA89422-DD55-4DF1-A22D-0A7DCD7F591C}.Release|x64.ActiveCfg = Release|Any CPU
		{0FA89422-DD55-4DF1-A22D-0A7DCD7F591C}.Release|x64.Build.0 = Release|Any CPU
		{0FA89422-DD55-4DF1-A22D-0A7DCD7F591C}.Release|x86.ActiveCfg = Release|Any CPU
		{0FA89422-DD55-4DF1-A22D-0A7DCD7F591C}.Release|x86.Build.0 = Release|Any CPU
		{45B99DAF-18F9-4CCE-97BB-15558BBA5F3E}.Debug|Any CPU.ActiveCfg = Debug|Any CPU
		{45B99DAF-18F9-4CCE-97BB-15558BBA5F3E}.Debug|Any CPU.Build.0 = Debug|Any CPU
		{45B99DAF-18F9-4CCE-97BB-15558BBA5F3E}.Debug|x64.ActiveCfg = Debug|Any CPU
		{45B99DAF-18F9-4CCE-97BB-15558BBA5F3E}.Debug|x64.Build.0 = Debug|Any CPU
		{45B99DAF-18F9-4CCE-97BB-15558BBA5F3E}.Debug|x86.ActiveCfg = Debug|Any CPU
		{45B99DAF-18F9-4CCE-97BB-15558BBA5F3E}.Debug|x86.Build.0 = Debug|Any CPU
		{45B99DAF-18F9-4CCE-97BB-15558BBA5F3E}.Release|Any CPU.ActiveCfg = Release|Any CPU
		{45B99DAF-18F9-4CCE-97BB-15558BBA5F3E}.Release|Any CPU.Build.0 = Release|Any CPU
		{45B99DAF-18F9-4CCE-97BB-15558BBA5F3E}.Release|x64.ActiveCfg = Release|Any CPU
		{45B99DAF-18F9-4CCE-97BB-15558BBA5F3E}.Release|x64.Build.0 = Release|Any CPU
		{45B99DAF-18F9-4CCE-97BB-15558BBA5F3E}.Release|x86.ActiveCfg = Release|Any CPU
		{45B99DAF-18F9-4CCE-97BB-15558BBA5F3E}.Release|x86.Build.0 = Release|Any CPU
		{3B1A10BE-D0BA-48F4-8D3C-525792D16DE4}.Debug|Any CPU.ActiveCfg = Debug|Any CPU
		{3B1A10BE-D0BA-48F4-8D3C-525792D16DE4}.Debug|Any CPU.Build.0 = Debug|Any CPU
		{3B1A10BE-D0BA-48F4-8D3C-525792D16DE4}.Debug|x64.ActiveCfg = Debug|Any CPU
		{3B1A10BE-D0BA-48F4-8D3C-525792D16DE4}.Debug|x64.Build.0 = Debug|Any CPU
		{3B1A10BE-D0BA-48F4-8D3C-525792D16DE4}.Debug|x86.ActiveCfg = Debug|Any CPU
		{3B1A10BE-D0BA-48F4-8D3C-525792D16DE4}.Debug|x86.Build.0 = Debug|Any CPU
		{3B1A10BE-D0BA-48F4-8D3C-525792D16DE4}.Release|Any CPU.ActiveCfg = Release|Any CPU
		{3B1A10BE-D0BA-48F4-8D3C-525792D16DE4}.Release|Any CPU.Build.0 = Release|Any CPU
		{3B1A10BE-D0BA-48F4-8D3C-525792D16DE4}.Release|x64.ActiveCfg = Release|Any CPU
		{3B1A10BE-D0BA-48F4-8D3C-525792D16DE4}.Release|x64.Build.0 = Release|Any CPU
		{3B1A10BE-D0BA-48F4-8D3C-525792D16DE4}.Release|x86.ActiveCfg = Release|Any CPU
		{3B1A10BE-D0BA-48F4-8D3C-525792D16DE4}.Release|x86.Build.0 = Release|Any CPU
		{26F75B13-F401-998B-4BC6-9BC5A5A08693}.Debug|Any CPU.ActiveCfg = Debug|Any CPU
		{26F75B13-F401-998B-4BC6-9BC5A5A08693}.Debug|Any CPU.Build.0 = Debug|Any CPU
		{26F75B13-F401-998B-4BC6-9BC5A5A08693}.Debug|x64.ActiveCfg = Debug|Any CPU
		{26F75B13-F401-998B-4BC6-9BC5A5A08693}.Debug|x64.Build.0 = Debug|Any CPU
		{26F75B13-F401-998B-4BC6-9BC5A5A08693}.Debug|x86.ActiveCfg = Debug|Any CPU
		{26F75B13-F401-998B-4BC6-9BC5A5A08693}.Debug|x86.Build.0 = Debug|Any CPU
		{26F75B13-F401-998B-4BC6-9BC5A5A08693}.Release|Any CPU.ActiveCfg = Release|Any CPU
		{26F75B13-F401-998B-4BC6-9BC5A5A08693}.Release|Any CPU.Build.0 = Release|Any CPU
		{26F75B13-F401-998B-4BC6-9BC5A5A08693}.Release|x64.ActiveCfg = Release|Any CPU
		{26F75B13-F401-998B-4BC6-9BC5A5A08693}.Release|x64.Build.0 = Release|Any CPU
		{26F75B13-F401-998B-4BC6-9BC5A5A08693}.Release|x86.ActiveCfg = Release|Any CPU
		{26F75B13-F401-998B-4BC6-9BC5A5A08693}.Release|x86.Build.0 = Release|Any CPU
		{5E4B12AB-A316-4E7F-614E-F2F126B40522}.Debug|Any CPU.ActiveCfg = Debug|Any CPU
		{5E4B12AB-A316-4E7F-614E-F2F126B40522}.Debug|Any CPU.Build.0 = Debug|Any CPU
		{5E4B12AB-A316-4E7F-614E-F2F126B40522}.Debug|x64.ActiveCfg = Debug|Any CPU
		{5E4B12AB-A316-4E7F-614E-F2F126B40522}.Debug|x64.Build.0 = Debug|Any CPU
		{5E4B12AB-A316-4E7F-614E-F2F126B40522}.Debug|x86.ActiveCfg = Debug|Any CPU
		{5E4B12AB-A316-4E7F-614E-F2F126B40522}.Debug|x86.Build.0 = Debug|Any CPU
		{5E4B12AB-A316-4E7F-614E-F2F126B40522}.Release|Any CPU.ActiveCfg = Release|Any CPU
		{5E4B12AB-A316-4E7F-614E-F2F126B40522}.Release|Any CPU.Build.0 = Release|Any CPU
		{5E4B12AB-A316-4E7F-614E-F2F126B40522}.Release|x64.ActiveCfg = Release|Any CPU
		{5E4B12AB-A316-4E7F-614E-F2F126B40522}.Release|x64.Build.0 = Release|Any CPU
		{5E4B12AB-A316-4E7F-614E-F2F126B40522}.Release|x86.ActiveCfg = Release|Any CPU
		{5E4B12AB-A316-4E7F-614E-F2F126B40522}.Release|x86.Build.0 = Release|Any CPU
		{4A2DAF1B-C273-A94A-6089-52912AB1B6D7}.Debug|Any CPU.ActiveCfg = Debug|Any CPU
		{4A2DAF1B-C273-A94A-6089-52912AB1B6D7}.Debug|Any CPU.Build.0 = Debug|Any CPU
		{4A2DAF1B-C273-A94A-6089-52912AB1B6D7}.Debug|x64.ActiveCfg = Debug|Any CPU
		{4A2DAF1B-C273-A94A-6089-52912AB1B6D7}.Debug|x64.Build.0 = Debug|Any CPU
		{4A2DAF1B-C273-A94A-6089-52912AB1B6D7}.Debug|x86.ActiveCfg = Debug|Any CPU
		{4A2DAF1B-C273-A94A-6089-52912AB1B6D7}.Debug|x86.Build.0 = Debug|Any CPU
		{4A2DAF1B-C273-A94A-6089-52912AB1B6D7}.Release|Any CPU.ActiveCfg = Release|Any CPU
		{4A2DAF1B-C273-A94A-6089-52912AB1B6D7}.Release|Any CPU.Build.0 = Release|Any CPU
		{4A2DAF1B-C273-A94A-6089-52912AB1B6D7}.Release|x64.ActiveCfg = Release|Any CPU
		{4A2DAF1B-C273-A94A-6089-52912AB1B6D7}.Release|x64.Build.0 = Release|Any CPU
		{4A2DAF1B-C273-A94A-6089-52912AB1B6D7}.Release|x86.ActiveCfg = Release|Any CPU
		{4A2DAF1B-C273-A94A-6089-52912AB1B6D7}.Release|x86.Build.0 = Release|Any CPU
		{2DA9A41A-CBF5-8485-4718-3AE7F05FB40E}.Debug|Any CPU.ActiveCfg = Debug|Any CPU
		{2DA9A41A-CBF5-8485-4718-3AE7F05FB40E}.Debug|Any CPU.Build.0 = Debug|Any CPU
		{2DA9A41A-CBF5-8485-4718-3AE7F05FB40E}.Debug|x64.ActiveCfg = Debug|Any CPU
		{2DA9A41A-CBF5-8485-4718-3AE7F05FB40E}.Debug|x64.Build.0 = Debug|Any CPU
		{2DA9A41A-CBF5-8485-4718-3AE7F05FB40E}.Debug|x86.ActiveCfg = Debug|Any CPU
		{2DA9A41A-CBF5-8485-4718-3AE7F05FB40E}.Debug|x86.Build.0 = Debug|Any CPU
		{2DA9A41A-CBF5-8485-4718-3AE7F05FB40E}.Release|Any CPU.ActiveCfg = Release|Any CPU
		{2DA9A41A-CBF5-8485-4718-3AE7F05FB40E}.Release|Any CPU.Build.0 = Release|Any CPU
		{2DA9A41A-CBF5-8485-4718-3AE7F05FB40E}.Release|x64.ActiveCfg = Release|Any CPU
		{2DA9A41A-CBF5-8485-4718-3AE7F05FB40E}.Release|x64.Build.0 = Release|Any CPU
		{2DA9A41A-CBF5-8485-4718-3AE7F05FB40E}.Release|x86.ActiveCfg = Release|Any CPU
		{2DA9A41A-CBF5-8485-4718-3AE7F05FB40E}.Release|x86.Build.0 = Release|Any CPU
		{49D3E526-5440-4AD2-950F-4F6BF08B0B33}.Debug|Any CPU.ActiveCfg = Debug|Any CPU
		{49D3E526-5440-4AD2-950F-4F6BF08B0B33}.Debug|Any CPU.Build.0 = Debug|Any CPU
		{49D3E526-5440-4AD2-950F-4F6BF08B0B33}.Debug|x64.ActiveCfg = Debug|Any CPU
		{49D3E526-5440-4AD2-950F-4F6BF08B0B33}.Debug|x64.Build.0 = Debug|Any CPU
		{49D3E526-5440-4AD2-950F-4F6BF08B0B33}.Debug|x86.ActiveCfg = Debug|Any CPU
		{49D3E526-5440-4AD2-950F-4F6BF08B0B33}.Debug|x86.Build.0 = Debug|Any CPU
		{49D3E526-5440-4AD2-950F-4F6BF08B0B33}.Release|Any CPU.ActiveCfg = Release|Any CPU
		{49D3E526-5440-4AD2-950F-4F6BF08B0B33}.Release|Any CPU.Build.0 = Release|Any CPU
		{49D3E526-5440-4AD2-950F-4F6BF08B0B33}.Release|x64.ActiveCfg = Release|Any CPU
		{49D3E526-5440-4AD2-950F-4F6BF08B0B33}.Release|x64.Build.0 = Release|Any CPU
		{49D3E526-5440-4AD2-950F-4F6BF08B0B33}.Release|x86.ActiveCfg = Release|Any CPU
		{49D3E526-5440-4AD2-950F-4F6BF08B0B33}.Release|x86.Build.0 = Release|Any CPU
		{C10AE556-35B7-458F-0EF4-78AD799F910D}.Debug|Any CPU.ActiveCfg = Debug|Any CPU
		{C10AE556-35B7-458F-0EF4-78AD799F910D}.Debug|Any CPU.Build.0 = Debug|Any CPU
		{C10AE556-35B7-458F-0EF4-78AD799F910D}.Debug|x64.ActiveCfg = Debug|Any CPU
		{C10AE556-35B7-458F-0EF4-78AD799F910D}.Debug|x64.Build.0 = Debug|Any CPU
		{C10AE556-35B7-458F-0EF4-78AD799F910D}.Debug|x86.ActiveCfg = Debug|Any CPU
		{C10AE556-35B7-458F-0EF4-78AD799F910D}.Debug|x86.Build.0 = Debug|Any CPU
		{C10AE556-35B7-458F-0EF4-78AD799F910D}.Release|Any CPU.ActiveCfg = Release|Any CPU
		{C10AE556-35B7-458F-0EF4-78AD799F910D}.Release|Any CPU.Build.0 = Release|Any CPU
		{C10AE556-35B7-458F-0EF4-78AD799F910D}.Release|x64.ActiveCfg = Release|Any CPU
		{C10AE556-35B7-458F-0EF4-78AD799F910D}.Release|x64.Build.0 = Release|Any CPU
		{C10AE556-35B7-458F-0EF4-78AD799F910D}.Release|x86.ActiveCfg = Release|Any CPU
		{C10AE556-35B7-458F-0EF4-78AD799F910D}.Release|x86.Build.0 = Release|Any CPU
	EndGlobalSection
	GlobalSection(SolutionProperties) = preSolution
		HideSolutionNode = FALSE
	EndGlobalSection
	GlobalSection(NestedProjects) = preSolution
		{63F4FEA7-5B8B-4496-988E-B84410C50D42} = {41193496-02AE-44FA-9A63-28E7A168A3AC}
		{41193496-02AE-44FA-9A63-28E7A168A3AC} = {A35F15F5-A9B1-42B7-813D-EB616C250F74}
		{3863807C-2F87-4E27-A9C9-8675645A8DA5} = {41193496-02AE-44FA-9A63-28E7A168A3AC}
		{33483AF1-0493-4753-A6E6-4BB750E0E083} = {02EA681E-C7D8-13C7-8484-4AC65E1B71E8}
		{FA0F89DA-B1C6-4699-8CF5-2210B26B0482} = {436DDD81-054F-492E-8F7A-B9445413E3B2}
		{5356F0D5-B6B5-0620-28D5-3F6D5F9021A7} = {FA0F89DA-B1C6-4699-8CF5-2210B26B0482}
		{2A74AC8D-C905-28C5-5D12-D57853F0E146} = {FA0F89DA-B1C6-4699-8CF5-2210B26B0482}
		{7A3A3A20-35C3-38E5-E3C6-C54D67110CF9} = {FA0F89DA-B1C6-4699-8CF5-2210B26B0482}
		{546768BB-0E84-3B76-A143-28C3849CEEF9} = {6C631C62-472F-4D89-A382-541CD62A6781}
		{0AA411EF-32E1-93AD-4E67-6CBB595715F6} = {6C631C62-472F-4D89-A382-541CD62A6781}
		{AA5BE7B6-EE11-C6B5-5EF2-3C5E0025B1F3} = {6C631C62-472F-4D89-A382-541CD62A6781}
		{BCBA19AC-3E42-8CD9-3158-AD6B6E5053DC} = {02EA681E-C7D8-13C7-8484-4AC65E1B71E8}
		{79366EDA-4066-4514-B15C-2A8CF428A128} = {0828626A-BAD8-4E02-99DC-3AAA15073223}
		{86FADDB9-8C48-3296-9D7A-0CCB0B9B68E3} = {0828626A-BAD8-4E02-99DC-3AAA15073223}
		{78239BC2-4B4A-6970-816C-4C1F26157596} = {436DDD81-054F-492E-8F7A-B9445413E3B2}
		{244D0DD3-DCE9-433B-A2C3-31B56FADF7E4} = {436DDD81-054F-492E-8F7A-B9445413E3B2}
		{85D62EAD-95CE-685F-AB50-0BDCBA1A311A} = {07A55E90-D10B-4372-B5A9-4A3E45462E37}
		{6F876C80-BBF0-6F6B-C550-27F7AC799574} = {436DDD81-054F-492E-8F7A-B9445413E3B2}
		{CFD4AEBB-E7B0-9B59-D04B-3A4BB8DBD576} = {436DDD81-054F-492E-8F7A-B9445413E3B2}
		{691601F2-9CF6-8A1B-8F51-2B1E44DA7792} = {0828626A-BAD8-4E02-99DC-3AAA15073223}
		{EB560CA6-8C96-FA9C-7862-BC449EF4469E} = {07A55E90-D10B-4372-B5A9-4A3E45462E37}
		{80D5B563-8088-4390-99A9-E05340A1998D} = {A35F15F5-A9B1-42B7-813D-EB616C250F74}
		{FEBA31FA-456E-9288-54A7-897BE36C56DE} = {80D5B563-8088-4390-99A9-E05340A1998D}
		{429F92DA-605B-46EC-94F1-938297455867} = {373D7EB2-18E1-47D0-B07E-C3D1301DB3FB}
		{0111C59D-0D1A-FD46-5534-1936E1B77816} = {6C631C62-472F-4D89-A382-541CD62A6781}
		{AEC4DC9D-ADB8-4873-8B49-E6B6ADAC6B86} = {2E936378-4914-4BDB-9EE9-6C25D6B69F06}
		{1BD0459D-1782-4A90-83CB-E28A2FC828E4} = {AEC4DC9D-ADB8-4873-8B49-E6B6ADAC6B86}
		{7D3DDC62-AF75-487C-B9E3-E48BA4C0EF17} = {2E936378-4914-4BDB-9EE9-6C25D6B69F06}
		{5A670F79-161A-44AB-868D-87D0FD12A2E7} = {2E936378-4914-4BDB-9EE9-6C25D6B69F06}
		{4636D4AD-519C-4C9D-8320-BE23FA52159C} = {2E936378-4914-4BDB-9EE9-6C25D6B69F06}
		{4889FDFE-F805-9EF3-0737-B13652E5C355} = {436DDD81-054F-492E-8F7A-B9445413E3B2}
		{4C5B1F35-31A5-26C6-0732-8E622765A401} = {436DDD81-054F-492E-8F7A-B9445413E3B2}
		{9A1EFF98-6D33-496F-B1B7-70606D6E8AB5} = {827E0CD3-B72D-47B6-A68D-7590B98EB39B}
		{6B06BE84-B05C-45F8-AC1C-BCCE68620771} = {827E0CD3-B72D-47B6-A68D-7590B98EB39B}
		{505F81DD-2297-4EA4-99A1-610F970B3E79} = {0828626A-BAD8-4E02-99DC-3AAA15073223}
		{59E4DE0B-AE2C-FB41-58DB-57714A59CD74} = {436DDD81-054F-492E-8F7A-B9445413E3B2}
		{C50AAC52-E619-45DF-AD9F-D98434A2A467} = {0828626A-BAD8-4E02-99DC-3AAA15073223}
		{11367024-BD1E-578D-CCB7-A1ADA76DCF1B} = {A84500DF-E315-44FC-B14E-EAC92618109D}
		{9ABC29CB-5F7B-4CC1-AB57-DC8DE16A1BCC} = {A84500DF-E315-44FC-B14E-EAC92618109D}
		{A84500DF-E315-44FC-B14E-EAC92618109D} = {C50AAC52-E619-45DF-AD9F-D98434A2A467}
		{0FA89422-DD55-4DF1-A22D-0A7DCD7F591C} = {0828626A-BAD8-4E02-99DC-3AAA15073223}
		{09802621-E22A-4F5D-A98A-F44BF953B9E4} = {373D7EB2-18E1-47D0-B07E-C3D1301DB3FB}
		{45B99DAF-18F9-4CCE-97BB-15558BBA5F3E} = {EE16DD31-3C19-4809-8AB3-2C6108598A1B}
		{3B1A10BE-D0BA-48F4-8D3C-525792D16DE4} = {0828626A-BAD8-4E02-99DC-3AAA15073223}
		{26F75B13-F401-998B-4BC6-9BC5A5A08693} = {0828626A-BAD8-4E02-99DC-3AAA15073223}
		{5E4B12AB-A316-4E7F-614E-F2F126B40522} = {02EA681E-C7D8-13C7-8484-4AC65E1B71E8}
		{4A2DAF1B-C273-A94A-6089-52912AB1B6D7} = {02EA681E-C7D8-13C7-8484-4AC65E1B71E8}
		{2DA9A41A-CBF5-8485-4718-3AE7F05FB40E} = {02EA681E-C7D8-13C7-8484-4AC65E1B71E8}
		{49D3E526-5440-4AD2-950F-4F6BF08B0B33} = {6C631C62-472F-4D89-A382-541CD62A6781}
		{C10AE556-35B7-458F-0EF4-78AD799F910D} = {EE16DD31-3C19-4809-8AB3-2C6108598A1B}
	EndGlobalSection
	GlobalSection(ExtensibilityGlobals) = postSolution
		SolutionGuid = {E4CDB648-EF1A-4ADE-B6EA-D4E9D668E676}
	EndGlobalSection
EndGlobal
