Microsoft Visual Studio Solution File, Format Version 12.00
# Visual Studio Version 17

# Copyright (C) 2026 The Qt Company Ltd.
# SPDX-License-Identifier: LicenseRef-Qt-Commercial OR BSD-3-Clause

VisualStudioVersion = 17.13.35828.75
MinimumVisualStudioVersion = 10.0.40219.1
Project("{FAE04EC0-301F-11D3-BF4B-00C04F79EFBC}") = "Tutorial", "Tutorial\Tutorial.csproj", "{A0AC7F1D-2072-6FE3-752C-528B16BC9E90}"
EndProject
Project("{FAE04EC0-301F-11D3-BF4B-00C04F79EFBC}") = "CityTemperatures", "CityTemperatures\CityTemperatures.csproj", "{516E99AF-0497-3922-BD96-F22C4E15E260}"
EndProject
Project("{FAE04EC0-301F-11D3-BF4B-00C04F79EFBC}") = "Primes", "Primes\Primes.csproj", "{EB6EBA4B-967A-C5E5-DCB8-88278E2546A2}"
EndProject
Project("{FAE04EC0-301F-11D3-BF4B-00C04F79EFBC}") = "ModelsAndViews", "ModelsAndViews\ModelsAndViews.csproj", "{8BB4C5FF-566D-F94C-B128-DE6C99980868}"
EndProject
Project("{FAE04EC0-301F-11D3-BF4B-00C04F79EFBC}") = "SpreadsheetSandbox", "SpreadsheetSandbox\SpreadsheetSandbox.csproj", "{AE8DE3D2-9065-AC94-4242-DC911BF34680}"
EndProject
Project("{FAE04EC0-301F-11D3-BF4B-00C04F79EFBC}") = "Bookshelf", "Bookshelf\Bookshelf.csproj", "{B3F2A1C4-7D5E-4A8B-9C2F-1E6D3B0F8A47}"
EndProject
Global
	GlobalSection(SolutionConfigurationPlatforms) = preSolution
		Debug|Any CPU = Debug|Any CPU
		Release|Any CPU = Release|Any CPU
	EndGlobalSection
	GlobalSection(ProjectConfigurationPlatforms) = postSolution
		{A0AC7F1D-2072-6FE3-752C-528B16BC9E90}.Debug|Any CPU.ActiveCfg = Debug|Any CPU
		{A0AC7F1D-2072-6FE3-752C-528B16BC9E90}.Debug|Any CPU.Build.0 = Debug|Any CPU
		{A0AC7F1D-2072-6FE3-752C-528B16BC9E90}.Release|Any CPU.ActiveCfg = Release|Any CPU
		{A0AC7F1D-2072-6FE3-752C-528B16BC9E90}.Release|Any CPU.Build.0 = Release|Any CPU
		{516E99AF-0497-3922-BD96-F22C4E15E260}.Debug|Any CPU.ActiveCfg = Debug|Any CPU
		{516E99AF-0497-3922-BD96-F22C4E15E260}.Debug|Any CPU.Build.0 = Debug|Any CPU
		{516E99AF-0497-3922-BD96-F22C4E15E260}.Release|Any CPU.ActiveCfg = Release|Any CPU
		{516E99AF-0497-3922-BD96-F22C4E15E260}.Release|Any CPU.Build.0 = Release|Any CPU
		{EB6EBA4B-967A-C5E5-DCB8-88278E2546A2}.Debug|Any CPU.ActiveCfg = Debug|Any CPU
		{EB6EBA4B-967A-C5E5-DCB8-88278E2546A2}.Debug|Any CPU.Build.0 = Debug|Any CPU
		{EB6EBA4B-967A-C5E5-DCB8-88278E2546A2}.Release|Any CPU.ActiveCfg = Release|Any CPU
		{EB6EBA4B-967A-C5E5-DCB8-88278E2546A2}.Release|Any CPU.Build.0 = Release|Any CPU
		{8BB4C5FF-566D-F94C-B128-DE6C99980868}.Debug|Any CPU.ActiveCfg = Debug|Any CPU
		{8BB4C5FF-566D-F94C-B128-DE6C99980868}.Debug|Any CPU.Build.0 = Debug|Any CPU
		{8BB4C5FF-566D-F94C-B128-DE6C99980868}.Release|Any CPU.ActiveCfg = Release|Any CPU
		{8BB4C5FF-566D-F94C-B128-DE6C99980868}.Release|Any CPU.Build.0 = Release|Any CPU
		{AE8DE3D2-9065-AC94-4242-DC911BF34680}.Debug|Any CPU.ActiveCfg = Debug|Any CPU
		{AE8DE3D2-9065-AC94-4242-DC911BF34680}.Debug|Any CPU.Build.0 = Debug|Any CPU
		{AE8DE3D2-9065-AC94-4242-DC911BF34680}.Release|Any CPU.ActiveCfg = Release|Any CPU
		{AE8DE3D2-9065-AC94-4242-DC911BF34680}.Release|Any CPU.Build.0 = Release|Any CPU
		{B3F2A1C4-7D5E-4A8B-9C2F-1E6D3B0F8A47}.Debug|Any CPU.ActiveCfg = Debug|Any CPU
		{B3F2A1C4-7D5E-4A8B-9C2F-1E6D3B0F8A47}.Debug|Any CPU.Build.0 = Debug|Any CPU
		{B3F2A1C4-7D5E-4A8B-9C2F-1E6D3B0F8A47}.Release|Any CPU.ActiveCfg = Release|Any CPU
		{B3F2A1C4-7D5E-4A8B-9C2F-1E6D3B0F8A47}.Release|Any CPU.Build.0 = Release|Any CPU
	EndGlobalSection
	GlobalSection(SolutionProperties) = preSolution
		HideSolutionNode = FALSE
	EndGlobalSection
	GlobalSection(ExtensibilityGlobals) = postSolution
		SolutionGuid = {8EDCC779-E93E-447F-996C-4A197D449CAB}
	EndGlobalSection
EndGlobal
